
Microsoft Visual Studio Solution File, Format Version 12.00
# Visual Studio 15
Project("{FAE04EC0-301F-11D3-BF4B-00C04F79EFBC}") = "ExploreCICD.Android", "ExploreCICD.Android\ExploreCICD.Android.csproj", "{1870AE8B-CCAC-4224-BA11-FB82728CC11B}"
EndProject
Project("{FAE04EC0-301F-11D3-BF4B-00C04F79EFBC}") = "ExploreCICD.iOS", "ExploreCICD.iOS\ExploreCICD.iOS.csproj", "{D51FACD8-A92C-40B2-8B0C-F0F374D74C40}"
EndProject
Project("{FAE04EC0-301F-11D3-BF4B-00C04F79EFBC}") = "ExploreCICD", "ExploreCICD\ExploreCICD.csproj", "{884649C4-FACB-45DA-B916-2D80F6A2CA6A}"
EndProject
Global
	GlobalSection(SolutionConfigurationPlatforms) = preSolution
		Debug|Any CPU = Debug|Any CPU
		Release|Any CPU = Release|Any CPU
		Debug|iPhoneSimulator = Debug|iPhoneSimulator
		Release|iPhoneSimulator = Release|iPhoneSimulator
		Debug|iPhone = Debug|iPhone
		Release|iPhone = Release|iPhone
	EndGlobalSection
	GlobalSection(ProjectConfigurationPlatforms) = postSolution
		{1870AE8B-CCAC-4224-BA11-FB82728CC11B}.Debug|Any CPU.ActiveCfg = Debug|Any CPU
		{1870AE8B-CCAC-4224-BA11-FB82728CC11B}.Debug|Any CPU.Build.0 = Debug|Any CPU
		{1870AE8B-CCAC-4224-BA11-FB82728CC11B}.Release|Any CPU.ActiveCfg = Release|Any CPU
		{1870AE8B-CCAC-4224-BA11-FB82728CC11B}.Release|Any CPU.Build.0 = Release|Any CPU
		{1870AE8B-CCAC-4224-BA11-FB82728CC11B}.Debug|iPhoneSimulator.ActiveCfg = Debug|Any CPU
		{1870AE8B-CCAC-4224-BA11-FB82728CC11B}.Debug|iPhoneSimulator.Build.0 = Debug|Any CPU
		{1870AE8B-CCAC-4224-BA11-FB82728CC11B}.Release|iPhoneSimulator.ActiveCfg = Release|Any CPU
		{1870AE8B-CCAC-4224-BA11-FB82728CC11B}.Release|iPhoneSimulator.Build.0 = Release|Any CPU
		{1870AE8B-CCAC-4224-BA11-FB82728CC11B}.Debug|iPhone.ActiveCfg = Debug|Any CPU
		{1870AE8B-CCAC-4224-BA11-FB82728CC11B}.Debug|iPhone.Build.0 = Debug|Any CPU
		{1870AE8B-CCAC-4224-BA11-FB82728CC11B}.Release|iPhone.ActiveCfg = Release|Any CPU
		{1870AE8B-CCAC-4224-BA11-FB82728CC11B}.Release|iPhone.Build.0 = Release|Any CPU
		{D51FACD8-A92C-40B2-8B0C-F0F374D74C40}.Debug|Any CPU.ActiveCfg = Debug|iPhoneSimulator
		{D51FACD8-A92C-40B2-8B0C-F0F374D74C40}.Debug|Any CPU.Build.0 = Debug|iPhoneSimulator
		{D51FACD8-A92C-40B2-8B0C-F0F374D74C40}.Release|Any CPU.ActiveCfg = Release|iPhoneSimulator
		{D51FACD8-A92C-40B2-8B0C-F0F374D74C40}.Release|Any CPU.Build.0 = Release|iPhoneSimulator
		{D51FACD8-A92C-40B2-8B0C-F0F374D74C40}.Debug|iPhoneSimulator.ActiveCfg = Debug|iPhoneSimulator
		{D51FACD8-A92C-40B2-8B0C-F0F374D74C40}.Debug|iPhoneSimulator.Build.0 = Debug|iPhoneSimulator
		{D51FACD8-A92C-40B2-8B0C-F0F374D74C40}.Release|iPhoneSimulator.ActiveCfg = Release|iPhoneSimulator
		{D51FACD8-A92C-40B2-8B0C-F0F374D74C40}.Release|iPhoneSimulator.Build.0 = Release|iPhoneSimulator
		{D51FACD8-A92C-40B2-8B0C-F0F374D74C40}.Debug|iPhone.ActiveCfg = Debug|iPhone
		{D51FACD8-A92C-40B2-8B0C-F0F374D74C40}.Debug|iPhone.Build.0 = Debug|iPhone
		{D51FACD8-A92C-40B2-8B0C-F0F374D74C40}.Release|iPhone.ActiveCfg = Release|iPhone
		{D51FACD8-A92C-40B2-8B0C-F0F374D74C40}.Release|iPhone.Build.0 = Release|iPhone
		{884649C4-FACB-45DA-B916-2D80F6A2CA6A}.Debug|Any CPU.ActiveCfg = Debug|Any CPU
		{884649C4-FACB-45DA-B916-2D80F6A2CA6A}.Debug|Any CPU.Build.0 = Debug|Any CPU
		{884649C4-FACB-45DA-B916-2D80F6A2CA6A}.Release|Any CPU.ActiveCfg = Release|Any CPU
		{884649C4-FACB-45DA-B916-2D80F6A2CA6A}.Release|Any CPU.Build.0 = Release|Any CPU
		{884649C4-FACB-45DA-B916-2D80F6A2CA6A}.Debug|iPhoneSimulator.ActiveCfg = Debug|Any CPU
		{884649C4-FACB-45DA-B916-2D80F6A2CA6A}.Debug|iPhoneSimulator.Build.0 = Debug|Any CPU
		{884649C4-FACB-45DA-B916-2D80F6A2CA6A}.Release|iPhoneSimulator.ActiveCfg = Release|Any CPU
		{884649C4-FACB-45DA-B916-2D80F6A2CA6A}.Release|iPhoneSimulator.Build.0 = Release|Any CPU
		{884649C4-FACB-45DA-B916-2D80F6A2CA6A}.Debug|iPhone.ActiveCfg = Debug|Any CPU
		{884649C4-FACB-45DA-B916-2D80F6A2CA6A}.Debug|iPhone.Build.0 = Debug|Any CPU
		{884649C4-FACB-45DA-B916-2D80F6A2CA6A}.Release|iPhone.ActiveCfg = Release|Any CPU
		{884649C4-FACB-45DA-B916-2D80F6A2CA6A}.Release|iPhone.Build.0 = Release|Any CPU
	EndGlobalSection
EndGlobal
